
Microsoft Visual Studio Solution File, Format Version 12.00
# Visual Studio Version 17
VisualStudioVersion = 17.0.31903.59
MinimumVisualStudioVersion = 10.0.40219.1
Project("{2150E333-8FDC-42A3-9474-1A3956D46DE8}") = "src", "src", "{649111DA-71F8-461F-A246-E04CBB98FAF9}"
EndProject
Project("{9A19103F-16F7-4668-BE54-9A1E7A4F7556}") = "Adapter", "src\Adapter\Adapter.csproj", "{8B4B2EF5-BDB2-4394-AC56-2D005B218416}"
EndProject
Project("{2150E333-8FDC-42A3-9474-1A3956D46DE8}") = "tests", "tests", "{F0594058-0CCB-41F4-801D-C42DD40BCC0F}"
EndProject
Project("{9A19103F-16F7-4668-BE54-9A1E7A4F7556}") = "Adapter.UnitTests", "tests\Adapter.UnitTests\Adapter.UnitTests.csproj", "{E2AD18FA-F639-49BF-B9BF-2F172BE3D11C}"
EndProject
Project("{9A19103F-16F7-4668-BE54-9A1E7A4F7556}") = "Bridge", "src\Bridge\Bridge.csproj", "{92D7F337-99FA-48CE-87FD-BB62C667F0C1}"
EndProject
Project("{9A19103F-16F7-4668-BE54-9A1E7A4F7556}") = "Builder", "src\Builder\Builder.csproj", "{D99841A9-8BDA-4BEF-9B2D-5F3B0A0031FD}"
EndProject
Project("{9A19103F-16F7-4668-BE54-9A1E7A4F7556}") = "ChainOfResponsibility", "src\ChainOfResponsibility\ChainOfResponsibility.csproj", "{49258D84-20F5-4302-9F54-C201526F959D}"
EndProject
Project("{9A19103F-16F7-4668-BE54-9A1E7A4F7556}") = "Command", "src\Command\Command.csproj", "{2F4CF8D4-F766-4906-8D02-FCAE98DF9610}"
EndProject
Project("{9A19103F-16F7-4668-BE54-9A1E7A4F7556}") = "Composite", "src\Composite\Composite.csproj", "{E043843E-7497-4939-9667-04DDEC31993A}"
EndProject
Project("{9A19103F-16F7-4668-BE54-9A1E7A4F7556}") = "Decorator", "src\Decorator\Decorator.csproj", "{B5690FDD-2595-4A9C-9C0A-C1032FC72F24}"
EndProject
Project("{9A19103F-16F7-4668-BE54-9A1E7A4F7556}") = "All.Tests", "tests\All.Tests\All.Tests.csproj", "{8889D9D9-97A3-46D0-A07D-CFA303D5532D}"
EndProject
Project("{9A19103F-16F7-4668-BE54-9A1E7A4F7556}") = "EventAggregator", "src\EventAggregator\EventAggregator.csproj", "{111774BD-8540-4914-BBC9-6CDDD704625D}"
EndProject
Project("{2150E333-8FDC-42A3-9474-1A3956D46DE8}") = "Factories", "Factories", "{9FABE205-EACF-4FAA-B55C-5D8ED89FFABC}"
EndProject
Project("{9A19103F-16F7-4668-BE54-9A1E7A4F7556}") = "FactoryA", "src\Factories\FactoryA\FactoryA.csproj", "{6A00337C-C41D-4E1E-B0E6-A6196CD8B99B}"
EndProject
Project("{9A19103F-16F7-4668-BE54-9A1E7A4F7556}") = "FactoryMethod", "src\Factories\FactoryMethod\FactoryMethod.csproj", "{FF137DF7-821A-4F12-8ACD-99BE8203E74C}"
EndProject
Project("{9A19103F-16F7-4668-BE54-9A1E7A4F7556}") = "Factories.Kernel", "src\Factories\Factories.Kernel\Factories.Kernel.csproj", "{BB0F9B60-4BF2-4097-815F-B402F6479378}"
EndProject
Project("{9A19103F-16F7-4668-BE54-9A1E7A4F7556}") = "Factories.UnitTests", "tests\Factories.UnitTests\Factories.UnitTests.csproj", "{948992BF-6EA9-4DE9-94FB-5EDE2B25BF43}"
EndProject
Project("{9A19103F-16F7-4668-BE54-9A1E7A4F7556}") = "AbstractFactory", "src\Factories\AbstractFactory\AbstractFactory.csproj", "{CDE4BD1D-5C51-48E7-BE9C-D57DB7200A63}"
EndProject
Project("{9A19103F-16F7-4668-BE54-9A1E7A4F7556}") = "LazyLoad", "src\LazyLoad\LazyLoad.csproj", "{08B03E4A-3E8C-4ACA-BA4B-040EC459CB11}"
EndProject
Project("{9A19103F-16F7-4668-BE54-9A1E7A4F7556}") = "LazyLoad.Test", "tests\LazyLoad.Test\LazyLoad.Test.csproj", "{0AAEE6B4-20BD-434C-BF57-EF31D40061BB}"
EndProject
Project("{9A19103F-16F7-4668-BE54-9A1E7A4F7556}") = "Mediator", "src\Mediator\Mediator.csproj", "{FE389A1D-EB17-4EE2-9D20-E6C07557B41E}"
EndProject
Project("{2150E333-8FDC-42A3-9474-1A3956D46DE8}") = "Mementos", "Mementos", "{1EDA5D2C-4A40-4EBD-AE54-6A0990F3786F}"
EndProject
Project("{9A19103F-16F7-4668-BE54-9A1E7A4F7556}") = "Mementos.Wpf", "src\Mementos\Mementos.Wpf\Mementos.Wpf.csproj", "{B7C92C92-2CDF-4A56-A291-3543898C3453}"
EndProject
Project("{9A19103F-16F7-4668-BE54-9A1E7A4F7556}") = "Observer", "src\Observer\Observer.csproj", "{A909FBFD-C188-4342-8944-687A461D1FAE}"
EndProject
Project("{FAE04EC0-301F-11D3-BF4B-00C04F79EFBC}") = "Visitor", "src\Visitor\Visitor.csproj", "{766C3626-B7AD-4380-BD82-D44548C5BBF0}"
EndProject
Project("{FAE04EC0-301F-11D3-BF4B-00C04F79EFBC}") = "Rules", "src\Rules\Rules.csproj", "{DE827631-5665-45AB-A736-F1622707204A}"
EndProject
Global
	GlobalSection(SolutionConfigurationPlatforms) = preSolution
		Debug|Any CPU = Debug|Any CPU
		Debug|x64 = Debug|x64
		Debug|x86 = Debug|x86
		Release|Any CPU = Release|Any CPU
		Release|x64 = Release|x64
		Release|x86 = Release|x86
	EndGlobalSection
	GlobalSection(ProjectConfigurationPlatforms) = postSolution
		{8B4B2EF5-BDB2-4394-AC56-2D005B218416}.Debug|Any CPU.ActiveCfg = Debug|Any CPU
		{8B4B2EF5-BDB2-4394-AC56-2D005B218416}.Debug|Any CPU.Build.0 = Debug|Any CPU
		{8B4B2EF5-BDB2-4394-AC56-2D005B218416}.Debug|x64.ActiveCfg = Debug|Any CPU
		{8B4B2EF5-BDB2-4394-AC56-2D005B218416}.Debug|x64.Build.0 = Debug|Any CPU
		{8B4B2EF5-BDB2-4394-AC56-2D005B218416}.Debug|x86.ActiveCfg = Debug|Any CPU
		{8B4B2EF5-BDB2-4394-AC56-2D005B218416}.Debug|x86.Build.0 = Debug|Any CPU
		{8B4B2EF5-BDB2-4394-AC56-2D005B218416}.Release|Any CPU.ActiveCfg = Release|Any CPU
		{8B4B2EF5-BDB2-4394-AC56-2D005B218416}.Release|Any CPU.Build.0 = Release|Any CPU
		{8B4B2EF5-BDB2-4394-AC56-2D005B218416}.Release|x64.ActiveCfg = Release|Any CPU
		{8B4B2EF5-BDB2-4394-AC56-2D005B218416}.Release|x64.Build.0 = Release|Any CPU
		{8B4B2EF5-BDB2-4394-AC56-2D005B218416}.Release|x86.ActiveCfg = Release|Any CPU
		{8B4B2EF5-BDB2-4394-AC56-2D005B218416}.Release|x86.Build.0 = Release|Any CPU
		{E2AD18FA-F639-49BF-B9BF-2F172BE3D11C}.Debug|Any CPU.ActiveCfg = Debug|Any CPU
		{E2AD18FA-F639-49BF-B9BF-2F172BE3D11C}.Debug|Any CPU.Build.0 = Debug|Any CPU
		{E2AD18FA-F639-49BF-B9BF-2F172BE3D11C}.Debug|x64.ActiveCfg = Debug|Any CPU
		{E2AD18FA-F639-49BF-B9BF-2F172BE3D11C}.Debug|x64.Build.0 = Debug|Any CPU
		{E2AD18FA-F639-49BF-B9BF-2F172BE3D11C}.Debug|x86.ActiveCfg = Debug|Any CPU
		{E2AD18FA-F639-49BF-B9BF-2F172BE3D11C}.Debug|x86.Build.0 = Debug|Any CPU
		{E2AD18FA-F639-49BF-B9BF-2F172BE3D11C}.Release|Any CPU.ActiveCfg = Release|Any CPU
		{E2AD18FA-F639-49BF-B9BF-2F172BE3D11C}.Release|Any CPU.Build.0 = Release|Any CPU
		{E2AD18FA-F639-49BF-B9BF-2F172BE3D11C}.Release|x64.ActiveCfg = Release|Any CPU
		{E2AD18FA-F639-49BF-B9BF-2F172BE3D11C}.Release|x64.Build.0 = Release|Any CPU
		{E2AD18FA-F639-49BF-B9BF-2F172BE3D11C}.Release|x86.ActiveCfg = Release|Any CPU
		{E2AD18FA-F639-49BF-B9BF-2F172BE3D11C}.Release|x86.Build.0 = Release|Any CPU
		{92D7F337-99FA-48CE-87FD-BB62C667F0C1}.Debug|Any CPU.ActiveCfg = Debug|Any CPU
		{92D7F337-99FA-48CE-87FD-BB62C667F0C1}.Debug|Any CPU.Build.0 = Debug|Any CPU
		{92D7F337-99FA-48CE-87FD-BB62C667F0C1}.Debug|x64.ActiveCfg = Debug|Any CPU
		{92D7F337-99FA-48CE-87FD-BB62C667F0C1}.Debug|x64.Build.0 = Debug|Any CPU
		{92D7F337-99FA-48CE-87FD-BB62C667F0C1}.Debug|x86.ActiveCfg = Debug|Any CPU
		{92D7F337-99FA-48CE-87FD-BB62C667F0C1}.Debug|x86.Build.0 = Debug|Any CPU
		{92D7F337-99FA-48CE-87FD-BB62C667F0C1}.Release|Any CPU.ActiveCfg = Release|Any CPU
		{92D7F337-99FA-48CE-87FD-BB62C667F0C1}.Release|Any CPU.Build.0 = Release|Any CPU
		{92D7F337-99FA-48CE-87FD-BB62C667F0C1}.Release|x64.ActiveCfg = Release|Any CPU
		{92D7F337-99FA-48CE-87FD-BB62C667F0C1}.Release|x64.Build.0 = Release|Any CPU
		{92D7F337-99FA-48CE-87FD-BB62C667F0C1}.Release|x86.ActiveCfg = Release|Any CPU
		{92D7F337-99FA-48CE-87FD-BB62C667F0C1}.Release|x86.Build.0 = Release|Any CPU
		{D99841A9-8BDA-4BEF-9B2D-5F3B0A0031FD}.Debug|Any CPU.ActiveCfg = Debug|Any CPU
		{D99841A9-8BDA-4BEF-9B2D-5F3B0A0031FD}.Debug|Any CPU.Build.0 = Debug|Any CPU
		{D99841A9-8BDA-4BEF-9B2D-5F3B0A0031FD}.Debug|x64.ActiveCfg = Debug|Any CPU
		{D99841A9-8BDA-4BEF-9B2D-5F3B0A0031FD}.Debug|x64.Build.0 = Debug|Any CPU
		{D99841A9-8BDA-4BEF-9B2D-5F3B0A0031FD}.Debug|x86.ActiveCfg = Debug|Any CPU
		{D99841A9-8BDA-4BEF-9B2D-5F3B0A0031FD}.Debug|x86.Build.0 = Debug|Any CPU
		{D99841A9-8BDA-4BEF-9B2D-5F3B0A0031FD}.Release|Any CPU.ActiveCfg = Release|Any CPU
		{D99841A9-8BDA-4BEF-9B2D-5F3B0A0031FD}.Release|Any CPU.Build.0 = Release|Any CPU
		{D99841A9-8BDA-4BEF-9B2D-5F3B0A0031FD}.Release|x64.ActiveCfg = Release|Any CPU
		{D99841A9-8BDA-4BEF-9B2D-5F3B0A0031FD}.Release|x64.Build.0 = Release|Any CPU
		{D99841A9-8BDA-4BEF-9B2D-5F3B0A0031FD}.Release|x86.ActiveCfg = Release|Any CPU
		{D99841A9-8BDA-4BEF-9B2D-5F3B0A0031FD}.Release|x86.Build.0 = Release|Any CPU
		{49258D84-20F5-4302-9F54-C201526F959D}.Debug|Any CPU.ActiveCfg = Debug|Any CPU
		{49258D84-20F5-4302-9F54-C201526F959D}.Debug|Any CPU.Build.0 = Debug|Any CPU
		{49258D84-20F5-4302-9F54-C201526F959D}.Debug|x64.ActiveCfg = Debug|Any CPU
		{49258D84-20F5-4302-9F54-C201526F959D}.Debug|x64.Build.0 = Debug|Any CPU
		{49258D84-20F5-4302-9F54-C201526F959D}.Debug|x86.ActiveCfg = Debug|Any CPU
		{49258D84-20F5-4302-9F54-C201526F959D}.Debug|x86.Build.0 = Debug|Any CPU
		{49258D84-20F5-4302-9F54-C201526F959D}.Release|Any CPU.ActiveCfg = Release|Any CPU
		{49258D84-20F5-4302-9F54-C201526F959D}.Release|Any CPU.Build.0 = Release|Any CPU
		{49258D84-20F5-4302-9F54-C201526F959D}.Release|x64.ActiveCfg = Release|Any CPU
		{49258D84-20F5-4302-9F54-C201526F959D}.Release|x64.Build.0 = Release|Any CPU
		{49258D84-20F5-4302-9F54-C201526F959D}.Release|x86.ActiveCfg = Release|Any CPU
		{49258D84-20F5-4302-9F54-C201526F959D}.Release|x86.Build.0 = Release|Any CPU
		{2F4CF8D4-F766-4906-8D02-FCAE98DF9610}.Debug|Any CPU.ActiveCfg = Debug|Any CPU
		{2F4CF8D4-F766-4906-8D02-FCAE98DF9610}.Debug|Any CPU.Build.0 = Debug|Any CPU
		{2F4CF8D4-F766-4906-8D02-FCAE98DF9610}.Debug|x64.ActiveCfg = Debug|Any CPU
		{2F4CF8D4-F766-4906-8D02-FCAE98DF9610}.Debug|x64.Build.0 = Debug|Any CPU
		{2F4CF8D4-F766-4906-8D02-FCAE98DF9610}.Debug|x86.ActiveCfg = Debug|Any CPU
		{2F4CF8D4-F766-4906-8D02-FCAE98DF9610}.Debug|x86.Build.0 = Debug|Any CPU
		{2F4CF8D4-F766-4906-8D02-FCAE98DF9610}.Release|Any CPU.ActiveCfg = Release|Any CPU
		{2F4CF8D4-F766-4906-8D02-FCAE98DF9610}.Release|Any CPU.Build.0 = Release|Any CPU
		{2F4CF8D4-F766-4906-8D02-FCAE98DF9610}.Release|x64.ActiveCfg = Release|Any CPU
		{2F4CF8D4-F766-4906-8D02-FCAE98DF9610}.Release|x64.Build.0 = Release|Any CPU
		{2F4CF8D4-F766-4906-8D02-FCAE98DF9610}.Release|x86.ActiveCfg = Release|Any CPU
		{2F4CF8D4-F766-4906-8D02-FCAE98DF9610}.Release|x86.Build.0 = Release|Any CPU
		{E043843E-7497-4939-9667-04DDEC31993A}.Debug|Any CPU.ActiveCfg = Debug|Any CPU
		{E043843E-7497-4939-9667-04DDEC31993A}.Debug|Any CPU.Build.0 = Debug|Any CPU
		{E043843E-7497-4939-9667-04DDEC31993A}.Debug|x64.ActiveCfg = Debug|Any CPU
		{E043843E-7497-4939-9667-04DDEC31993A}.Debug|x64.Build.0 = Debug|Any CPU
		{E043843E-7497-4939-9667-04DDEC31993A}.Debug|x86.ActiveCfg = Debug|Any CPU
		{E043843E-7497-4939-9667-04DDEC31993A}.Debug|x86.Build.0 = Debug|Any CPU
		{E043843E-7497-4939-9667-04DDEC31993A}.Release|Any CPU.ActiveCfg = Release|Any CPU
		{E043843E-7497-4939-9667-04DDEC31993A}.Release|Any CPU.Build.0 = Release|Any CPU
		{E043843E-7497-4939-9667-04DDEC31993A}.Release|x64.ActiveCfg = Release|Any CPU
		{E043843E-7497-4939-9667-04DDEC31993A}.Release|x64.Build.0 = Release|Any CPU
		{E043843E-7497-4939-9667-04DDEC31993A}.Release|x86.ActiveCfg = Release|Any CPU
		{E043843E-7497-4939-9667-04DDEC31993A}.Release|x86.Build.0 = Release|Any CPU
		{B5690FDD-2595-4A9C-9C0A-C1032FC72F24}.Debug|Any CPU.ActiveCfg = Debug|Any CPU
		{B5690FDD-2595-4A9C-9C0A-C1032FC72F24}.Debug|Any CPU.Build.0 = Debug|Any CPU
		{B5690FDD-2595-4A9C-9C0A-C1032FC72F24}.Debug|x64.ActiveCfg = Debug|Any CPU
		{B5690FDD-2595-4A9C-9C0A-C1032FC72F24}.Debug|x64.Build.0 = Debug|Any CPU
		{B5690FDD-2595-4A9C-9C0A-C1032FC72F24}.Debug|x86.ActiveCfg = Debug|Any CPU
		{B5690FDD-2595-4A9C-9C0A-C1032FC72F24}.Debug|x86.Build.0 = Debug|Any CPU
		{B5690FDD-2595-4A9C-9C0A-C1032FC72F24}.Release|Any CPU.ActiveCfg = Release|Any CPU
		{B5690FDD-2595-4A9C-9C0A-C1032FC72F24}.Release|Any CPU.Build.0 = Release|Any CPU
		{B5690FDD-2595-4A9C-9C0A-C1032FC72F24}.Release|x64.ActiveCfg = Release|Any CPU
		{B5690FDD-2595-4A9C-9C0A-C1032FC72F24}.Release|x64.Build.0 = Release|Any CPU
		{B5690FDD-2595-4A9C-9C0A-C1032FC72F24}.Release|x86.ActiveCfg = Release|Any CPU
		{B5690FDD-2595-4A9C-9C0A-C1032FC72F24}.Release|x86.Build.0 = Release|Any CPU
		{8889D9D9-97A3-46D0-A07D-CFA303D5532D}.Debug|Any CPU.ActiveCfg = Debug|Any CPU
		{8889D9D9-97A3-46D0-A07D-CFA303D5532D}.Debug|Any CPU.Build.0 = Debug|Any CPU
		{8889D9D9-97A3-46D0-A07D-CFA303D5532D}.Debug|x64.ActiveCfg = Debug|Any CPU
		{8889D9D9-97A3-46D0-A07D-CFA303D5532D}.Debug|x64.Build.0 = Debug|Any CPU
		{8889D9D9-97A3-46D0-A07D-CFA303D5532D}.Debug|x86.ActiveCfg = Debug|Any CPU
		{8889D9D9-97A3-46D0-A07D-CFA303D5532D}.Debug|x86.Build.0 = Debug|Any CPU
		{8889D9D9-97A3-46D0-A07D-CFA303D5532D}.Release|Any CPU.ActiveCfg = Release|Any CPU
		{8889D9D9-97A3-46D0-A07D-CFA303D5532D}.Release|Any CPU.Build.0 = Release|Any CPU
		{8889D9D9-97A3-46D0-A07D-CFA303D5532D}.Release|x64.ActiveCfg = Release|Any CPU
		{8889D9D9-97A3-46D0-A07D-CFA303D5532D}.Release|x64.Build.0 = Release|Any CPU
		{8889D9D9-97A3-46D0-A07D-CFA303D5532D}.Release|x86.ActiveCfg = Release|Any CPU
		{8889D9D9-97A3-46D0-A07D-CFA303D5532D}.Release|x86.Build.0 = Release|Any CPU
		{111774BD-8540-4914-BBC9-6CDDD704625D}.Debug|Any CPU.ActiveCfg = Debug|Any CPU
		{111774BD-8540-4914-BBC9-6CDDD704625D}.Debug|Any CPU.Build.0 = Debug|Any CPU
		{111774BD-8540-4914-BBC9-6CDDD704625D}.Debug|x64.ActiveCfg = Debug|Any CPU
		{111774BD-8540-4914-BBC9-6CDDD704625D}.Debug|x64.Build.0 = Debug|Any CPU
		{111774BD-8540-4914-BBC9-6CDDD704625D}.Debug|x86.ActiveCfg = Debug|Any CPU
		{111774BD-8540-4914-BBC9-6CDDD704625D}.Debug|x86.Build.0 = Debug|Any CPU
		{111774BD-8540-4914-BBC9-6CDDD704625D}.Release|Any CPU.ActiveCfg = Release|Any CPU
		{111774BD-8540-4914-BBC9-6CDDD704625D}.Release|Any CPU.Build.0 = Release|Any CPU
		{111774BD-8540-4914-BBC9-6CDDD704625D}.Release|x64.ActiveCfg = Release|Any CPU
		{111774BD-8540-4914-BBC9-6CDDD704625D}.Release|x64.Build.0 = Release|Any CPU
		{111774BD-8540-4914-BBC9-6CDDD704625D}.Release|x86.ActiveCfg = Release|Any CPU
		{111774BD-8540-4914-BBC9-6CDDD704625D}.Release|x86.Build.0 = Release|Any CPU
		{6A00337C-C41D-4E1E-B0E6-A6196CD8B99B}.Debug|Any CPU.ActiveCfg = Debug|Any CPU
		{6A00337C-C41D-4E1E-B0E6-A6196CD8B99B}.Debug|Any CPU.Build.0 = Debug|Any CPU
		{6A00337C-C41D-4E1E-B0E6-A6196CD8B99B}.Debug|x64.ActiveCfg = Debug|Any CPU
		{6A00337C-C41D-4E1E-B0E6-A6196CD8B99B}.Debug|x64.Build.0 = Debug|Any CPU
		{6A00337C-C41D-4E1E-B0E6-A6196CD8B99B}.Debug|x86.ActiveCfg = Debug|Any CPU
		{6A00337C-C41D-4E1E-B0E6-A6196CD8B99B}.Debug|x86.Build.0 = Debug|Any CPU
		{6A00337C-C41D-4E1E-B0E6-A6196CD8B99B}.Release|Any CPU.ActiveCfg = Release|Any CPU
		{6A00337C-C41D-4E1E-B0E6-A6196CD8B99B}.Release|Any CPU.Build.0 = Release|Any CPU
		{6A00337C-C41D-4E1E-B0E6-A6196CD8B99B}.Release|x64.ActiveCfg = Release|Any CPU
		{6A00337C-C41D-4E1E-B0E6-A6196CD8B99B}.Release|x64.Build.0 = Release|Any CPU
		{6A00337C-C41D-4E1E-B0E6-A6196CD8B99B}.Release|x86.ActiveCfg = Release|Any CPU
		{6A00337C-C41D-4E1E-B0E6-A6196CD8B99B}.Release|x86.Build.0 = Release|Any CPU
		{FF137DF7-821A-4F12-8ACD-99BE8203E74C}.Debug|Any CPU.ActiveCfg = Debug|Any CPU
		{FF137DF7-821A-4F12-8ACD-99BE8203E74C}.Debug|Any CPU.Build.0 = Debug|Any CPU
		{FF137DF7-821A-4F12-8ACD-99BE8203E74C}.Debug|x64.ActiveCfg = Debug|Any CPU
		{FF137DF7-821A-4F12-8ACD-99BE8203E74C}.Debug|x64.Build.0 = Debug|Any CPU
		{FF137DF7-821A-4F12-8ACD-99BE8203E74C}.Debug|x86.ActiveCfg = Debug|Any CPU
		{FF137DF7-821A-4F12-8ACD-99BE8203E74C}.Debug|x86.Build.0 = Debug|Any CPU
		{FF137DF7-821A-4F12-8ACD-99BE8203E74C}.Release|Any CPU.ActiveCfg = Release|Any CPU
		{FF137DF7-821A-4F12-8ACD-99BE8203E74C}.Release|Any CPU.Build.0 = Release|Any CPU
		{FF137DF7-821A-4F12-8ACD-99BE8203E74C}.Release|x64.ActiveCfg = Release|Any CPU
		{FF137DF7-821A-4F12-8ACD-99BE8203E74C}.Release|x64.Build.0 = Release|Any CPU
		{FF137DF7-821A-4F12-8ACD-99BE8203E74C}.Release|x86.ActiveCfg = Release|Any CPU
		{FF137DF7-821A-4F12-8ACD-99BE8203E74C}.Release|x86.Build.0 = Release|Any CPU
		{BB0F9B60-4BF2-4097-815F-B402F6479378}.Debug|Any CPU.ActiveCfg = Debug|Any CPU
		{BB0F9B60-4BF2-4097-815F-B402F6479378}.Debug|Any CPU.Build.0 = Debug|Any CPU
		{BB0F9B60-4BF2-4097-815F-B402F6479378}.Debug|x64.ActiveCfg = Debug|Any CPU
		{BB0F9B60-4BF2-4097-815F-B402F6479378}.Debug|x64.Build.0 = Debug|Any CPU
		{BB0F9B60-4BF2-4097-815F-B402F6479378}.Debug|x86.ActiveCfg = Debug|Any CPU
		{BB0F9B60-4BF2-4097-815F-B402F6479378}.Debug|x86.Build.0 = Debug|Any CPU
		{BB0F9B60-4BF2-4097-815F-B402F6479378}.Release|Any CPU.ActiveCfg = Release|Any CPU
		{BB0F9B60-4BF2-4097-815F-B402F6479378}.Release|Any CPU.Build.0 = Release|Any CPU
		{BB0F9B60-4BF2-4097-815F-B402F6479378}.Release|x64.ActiveCfg = Release|Any CPU
		{BB0F9B60-4BF2-4097-815F-B402F6479378}.Release|x64.Build.0 = Release|Any CPU
		{BB0F9B60-4BF2-4097-815F-B402F6479378}.Release|x86.ActiveCfg = Release|Any CPU
		{BB0F9B60-4BF2-4097-815F-B402F6479378}.Release|x86.Build.0 = Release|Any CPU
		{948992BF-6EA9-4DE9-94FB-5EDE2B25BF43}.Debug|Any CPU.ActiveCfg = Debug|Any CPU
		{948992BF-6EA9-4DE9-94FB-5EDE2B25BF43}.Debug|Any CPU.Build.0 = Debug|Any CPU
		{948992BF-6EA9-4DE9-94FB-5EDE2B25BF43}.Debug|x64.ActiveCfg = Debug|Any CPU
		{948992BF-6EA9-4DE9-94FB-5EDE2B25BF43}.Debug|x64.Build.0 = Debug|Any CPU
		{948992BF-6EA9-4DE9-94FB-5EDE2B25BF43}.Debug|x86.ActiveCfg = Debug|Any CPU
		{948992BF-6EA9-4DE9-94FB-5EDE2B25BF43}.Debug|x86.Build.0 = Debug|Any CPU
		{948992BF-6EA9-4DE9-94FB-5EDE2B25BF43}.Release|Any CPU.ActiveCfg = Release|Any CPU
		{948992BF-6EA9-4DE9-94FB-5EDE2B25BF43}.Release|Any CPU.Build.0 = Release|Any CPU
		{948992BF-6EA9-4DE9-94FB-5EDE2B25BF43}.Release|x64.ActiveCfg = Release|Any CPU
		{948992BF-6EA9-4DE9-94FB-5EDE2B25BF43}.Release|x64.Build.0 = Release|Any CPU
		{948992BF-6EA9-4DE9-94FB-5EDE2B25BF43}.Release|x86.ActiveCfg = Release|Any CPU
		{948992BF-6EA9-4DE9-94FB-5EDE2B25BF43}.Release|x86.Build.0 = Release|Any CPU
		{CDE4BD1D-5C51-48E7-BE9C-D57DB7200A63}.Debug|Any CPU.ActiveCfg = Debug|Any CPU
		{CDE4BD1D-5C51-48E7-BE9C-D57DB7200A63}.Debug|Any CPU.Build.0 = Debug|Any CPU
		{CDE4BD1D-5C51-48E7-BE9C-D57DB7200A63}.Debug|x64.ActiveCfg = Debug|Any CPU
		{CDE4BD1D-5C51-48E7-BE9C-D57DB7200A63}.Debug|x64.Build.0 = Debug|Any CPU
		{CDE4BD1D-5C51-48E7-BE9C-D57DB7200A63}.Debug|x86.ActiveCfg = Debug|Any CPU
		{CDE4BD1D-5C51-48E7-BE9C-D57DB7200A63}.Debug|x86.Build.0 = Debug|Any CPU
		{CDE4BD1D-5C51-48E7-BE9C-D57DB7200A63}.Release|Any CPU.ActiveCfg = Release|Any CPU
		{CDE4BD1D-5C51-48E7-BE9C-D57DB7200A63}.Release|Any CPU.Build.0 = Release|Any CPU
		{CDE4BD1D-5C51-48E7-BE9C-D57DB7200A63}.Release|x64.ActiveCfg = Release|Any CPU
		{CDE4BD1D-5C51-48E7-BE9C-D57DB7200A63}.Release|x64.Build.0 = Release|Any CPU
		{CDE4BD1D-5C51-48E7-BE9C-D57DB7200A63}.Release|x86.ActiveCfg = Release|Any CPU
		{CDE4BD1D-5C51-48E7-BE9C-D57DB7200A63}.Release|x86.Build.0 = Release|Any CPU
		{08B03E4A-3E8C-4ACA-BA4B-040EC459CB11}.Debug|Any CPU.ActiveCfg = Debug|Any CPU
		{08B03E4A-3E8C-4ACA-BA4B-040EC459CB11}.Debug|Any CPU.Build.0 = Debug|Any CPU
		{08B03E4A-3E8C-4ACA-BA4B-040EC459CB11}.Debug|x64.ActiveCfg = Debug|Any CPU
		{08B03E4A-3E8C-4ACA-BA4B-040EC459CB11}.Debug|x64.Build.0 = Debug|Any CPU
		{08B03E4A-3E8C-4ACA-BA4B-040EC459CB11}.Debug|x86.ActiveCfg = Debug|Any CPU
		{08B03E4A-3E8C-4ACA-BA4B-040EC459CB11}.Debug|x86.Build.0 = Debug|Any CPU
		{08B03E4A-3E8C-4ACA-BA4B-040EC459CB11}.Release|Any CPU.ActiveCfg = Release|Any CPU
		{08B03E4A-3E8C-4ACA-BA4B-040EC459CB11}.Release|Any CPU.Build.0 = Release|Any CPU
		{08B03E4A-3E8C-4ACA-BA4B-040EC459CB11}.Release|x64.ActiveCfg = Release|Any CPU
		{08B03E4A-3E8C-4ACA-BA4B-040EC459CB11}.Release|x64.Build.0 = Release|Any CPU
		{08B03E4A-3E8C-4ACA-BA4B-040EC459CB11}.Release|x86.ActiveCfg = Release|Any CPU
		{08B03E4A-3E8C-4ACA-BA4B-040EC459CB11}.Release|x86.Build.0 = Release|Any CPU
		{0AAEE6B4-20BD-434C-BF57-EF31D40061BB}.Debug|Any CPU.ActiveCfg = Debug|Any CPU
		{0AAEE6B4-20BD-434C-BF57-EF31D40061BB}.Debug|Any CPU.Build.0 = Debug|Any CPU
		{0AAEE6B4-20BD-434C-BF57-EF31D40061BB}.Debug|x64.ActiveCfg = Debug|Any CPU
		{0AAEE6B4-20BD-434C-BF57-EF31D40061BB}.Debug|x64.Build.0 = Debug|Any CPU
		{0AAEE6B4-20BD-434C-BF57-EF31D40061BB}.Debug|x86.ActiveCfg = Debug|Any CPU
		{0AAEE6B4-20BD-434C-BF57-EF31D40061BB}.Debug|x86.Build.0 = Debug|Any CPU
		{0AAEE6B4-20BD-434C-BF57-EF31D40061BB}.Release|Any CPU.ActiveCfg = Release|Any CPU
		{0AAEE6B4-20BD-434C-BF57-EF31D40061BB}.Release|Any CPU.Build.0 = Release|Any CPU
		{0AAEE6B4-20BD-434C-BF57-EF31D40061BB}.Release|x64.ActiveCfg = Release|Any CPU
		{0AAEE6B4-20BD-434C-BF57-EF31D40061BB}.Release|x64.Build.0 = Release|Any CPU
		{0AAEE6B4-20BD-434C-BF57-EF31D40061BB}.Release|x86.ActiveCfg = Release|Any CPU
		{0AAEE6B4-20BD-434C-BF57-EF31D40061BB}.Release|x86.Build.0 = Release|Any CPU
		{FE389A1D-EB17-4EE2-9D20-E6C07557B41E}.Debug|Any CPU.ActiveCfg = Debug|Any CPU
		{FE389A1D-EB17-4EE2-9D20-E6C07557B41E}.Debug|Any CPU.Build.0 = Debug|Any CPU
		{FE389A1D-EB17-4EE2-9D20-E6C07557B41E}.Debug|x64.ActiveCfg = Debug|Any CPU
		{FE389A1D-EB17-4EE2-9D20-E6C07557B41E}.Debug|x64.Build.0 = Debug|Any CPU
		{FE389A1D-EB17-4EE2-9D20-E6C07557B41E}.Debug|x86.ActiveCfg = Debug|Any CPU
		{FE389A1D-EB17-4EE2-9D20-E6C07557B41E}.Debug|x86.Build.0 = Debug|Any CPU
		{FE389A1D-EB17-4EE2-9D20-E6C07557B41E}.Release|Any CPU.ActiveCfg = Release|Any CPU
		{FE389A1D-EB17-4EE2-9D20-E6C07557B41E}.Release|Any CPU.Build.0 = Release|Any CPU
		{FE389A1D-EB17-4EE2-9D20-E6C07557B41E}.Release|x64.ActiveCfg = Release|Any CPU
		{FE389A1D-EB17-4EE2-9D20-E6C07557B41E}.Release|x64.Build.0 = Release|Any CPU
		{FE389A1D-EB17-4EE2-9D20-E6C07557B41E}.Release|x86.ActiveCfg = Release|Any CPU
		{FE389A1D-EB17-4EE2-9D20-E6C07557B41E}.Release|x86.Build.0 = Release|Any CPU
		{B7C92C92-2CDF-4A56-A291-3543898C3453}.Debug|Any CPU.ActiveCfg = Debug|Any CPU
		{B7C92C92-2CDF-4A56-A291-3543898C3453}.Debug|Any CPU.Build.0 = Debug|Any CPU
		{B7C92C92-2CDF-4A56-A291-3543898C3453}.Debug|x64.ActiveCfg = Debug|Any CPU
		{B7C92C92-2CDF-4A56-A291-3543898C3453}.Debug|x64.Build.0 = Debug|Any CPU
		{B7C92C92-2CDF-4A56-A291-3543898C3453}.Debug|x86.ActiveCfg = Debug|Any CPU
		{B7C92C92-2CDF-4A56-A291-3543898C3453}.Debug|x86.Build.0 = Debug|Any CPU
		{B7C92C92-2CDF-4A56-A291-3543898C3453}.Release|Any CPU.ActiveCfg = Release|Any CPU
		{B7C92C92-2CDF-4A56-A291-3543898C3453}.Release|Any CPU.Build.0 = Release|Any CPU
		{B7C92C92-2CDF-4A56-A291-3543898C3453}.Release|x64.ActiveCfg = Release|Any CPU
		{B7C92C92-2CDF-4A56-A291-3543898C3453}.Release|x64.Build.0 = Release|Any CPU
		{B7C92C92-2CDF-4A56-A291-3543898C3453}.Release|x86.ActiveCfg = Release|Any CPU
		{B7C92C92-2CDF-4A56-A291-3543898C3453}.Release|x86.Build.0 = Release|Any CPU
		{A909FBFD-C188-4342-8944-687A461D1FAE}.Debug|Any CPU.ActiveCfg = Debug|Any CPU
		{A909FBFD-C188-4342-8944-687A461D1FAE}.Debug|Any CPU.Build.0 = Debug|Any CPU
		{A909FBFD-C188-4342-8944-687A461D1FAE}.Debug|x64.ActiveCfg = Debug|Any CPU
		{A909FBFD-C188-4342-8944-687A461D1FAE}.Debug|x64.Build.0 = Debug|Any CPU
		{A909FBFD-C188-4342-8944-687A461D1FAE}.Debug|x86.ActiveCfg = Debug|Any CPU
		{A909FBFD-C188-4342-8944-687A461D1FAE}.Debug|x86.Build.0 = Debug|Any CPU
		{A909FBFD-C188-4342-8944-687A461D1FAE}.Release|Any CPU.ActiveCfg = Release|Any CPU
		{A909FBFD-C188-4342-8944-687A461D1FAE}.Release|Any CPU.Build.0 = Release|Any CPU
		{A909FBFD-C188-4342-8944-687A461D1FAE}.Release|x64.ActiveCfg = Release|Any CPU
		{A909FBFD-C188-4342-8944-687A461D1FAE}.Release|x64.Build.0 = Release|Any CPU
		{A909FBFD-C188-4342-8944-687A461D1FAE}.Release|x86.ActiveCfg = Release|Any CPU
		{A909FBFD-C188-4342-8944-687A461D1FAE}.Release|x86.Build.0 = Release|Any CPU
		{766C3626-B7AD-4380-BD82-D44548C5BBF0}.Debug|Any CPU.ActiveCfg = Debug|Any CPU
		{766C3626-B7AD-4380-BD82-D44548C5BBF0}.Debug|Any CPU.Build.0 = Debug|Any CPU
		{766C3626-B7AD-4380-BD82-D44548C5BBF0}.Debug|x64.ActiveCfg = Debug|Any CPU
		{766C3626-B7AD-4380-BD82-D44548C5BBF0}.Debug|x64.Build.0 = Debug|Any CPU
		{766C3626-B7AD-4380-BD82-D44548C5BBF0}.Debug|x86.ActiveCfg = Debug|Any CPU
		{766C3626-B7AD-4380-BD82-D44548C5BBF0}.Debug|x86.Build.0 = Debug|Any CPU
		{766C3626-B7AD-4380-BD82-D44548C5BBF0}.Release|Any CPU.ActiveCfg = Release|Any CPU
		{766C3626-B7AD-4380-BD82-D44548C5BBF0}.Release|Any CPU.Build.0 = Release|Any CPU
		{766C3626-B7AD-4380-BD82-D44548C5BBF0}.Release|x64.ActiveCfg = Release|Any CPU
		{766C3626-B7AD-4380-BD82-D44548C5BBF0}.Release|x64.Build.0 = Release|Any CPU
		{766C3626-B7AD-4380-BD82-D44548C5BBF0}.Release|x86.ActiveCfg = Release|Any CPU
		{766C3626-B7AD-4380-BD82-D44548C5BBF0}.Release|x86.Build.0 = Release|Any CPU
		{DE827631-5665-45AB-A736-F1622707204A}.Debug|Any CPU.ActiveCfg = Debug|Any CPU
		{DE827631-5665-45AB-A736-F1622707204A}.Debug|Any CPU.Build.0 = Debug|Any CPU
		{DE827631-5665-45AB-A736-F1622707204A}.Debug|x64.ActiveCfg = Debug|Any CPU
		{DE827631-5665-45AB-A736-F1622707204A}.Debug|x64.Build.0 = Debug|Any CPU
		{DE827631-5665-45AB-A736-F1622707204A}.Debug|x86.ActiveCfg = Debug|Any CPU
		{DE827631-5665-45AB-A736-F1622707204A}.Debug|x86.Build.0 = Debug|Any CPU
		{DE827631-5665-45AB-A736-F1622707204A}.Release|Any CPU.ActiveCfg = Release|Any CPU
		{DE827631-5665-45AB-A736-F1622707204A}.Release|Any CPU.Build.0 = Release|Any CPU
		{DE827631-5665-45AB-A736-F1622707204A}.Release|x64.ActiveCfg = Release|Any CPU
		{DE827631-5665-45AB-A736-F1622707204A}.Release|x64.Build.0 = Release|Any CPU
		{DE827631-5665-45AB-A736-F1622707204A}.Release|x86.ActiveCfg = Release|Any CPU
		{DE827631-5665-45AB-A736-F1622707204A}.Release|x86.Build.0 = Release|Any CPU
	EndGlobalSection
	GlobalSection(SolutionProperties) = preSolution
		HideSolutionNode = FALSE
	EndGlobalSection
	GlobalSection(NestedProjects) = preSolution
		{8B4B2EF5-BDB2-4394-AC56-2D005B218416} = {649111DA-71F8-461F-A246-E04CBB98FAF9}
		{E2AD18FA-F639-49BF-B9BF-2F172BE3D11C} = {F0594058-0CCB-41F4-801D-C42DD40BCC0F}
		{92D7F337-99FA-48CE-87FD-BB62C667F0C1} = {649111DA-71F8-461F-A246-E04CBB98FAF9}
		{D99841A9-8BDA-4BEF-9B2D-5F3B0A0031FD} = {649111DA-71F8-461F-A246-E04CBB98FAF9}
		{49258D84-20F5-4302-9F54-C201526F959D} = {649111DA-71F8-461F-A246-E04CBB98FAF9}
		{2F4CF8D4-F766-4906-8D02-FCAE98DF9610} = {649111DA-71F8-461F-A246-E04CBB98FAF9}
		{E043843E-7497-4939-9667-04DDEC31993A} = {649111DA-71F8-461F-A246-E04CBB98FAF9}
		{B5690FDD-2595-4A9C-9C0A-C1032FC72F24} = {649111DA-71F8-461F-A246-E04CBB98FAF9}
		{8889D9D9-97A3-46D0-A07D-CFA303D5532D} = {F0594058-0CCB-41F4-801D-C42DD40BCC0F}
		{111774BD-8540-4914-BBC9-6CDDD704625D} = {649111DA-71F8-461F-A246-E04CBB98FAF9}
		{9FABE205-EACF-4FAA-B55C-5D8ED89FFABC} = {649111DA-71F8-461F-A246-E04CBB98FAF9}
		{6A00337C-C41D-4E1E-B0E6-A6196CD8B99B} = {9FABE205-EACF-4FAA-B55C-5D8ED89FFABC}
		{FF137DF7-821A-4F12-8ACD-99BE8203E74C} = {9FABE205-EACF-4FAA-B55C-5D8ED89FFABC}
		{BB0F9B60-4BF2-4097-815F-B402F6479378} = {9FABE205-EACF-4FAA-B55C-5D8ED89FFABC}
		{948992BF-6EA9-4DE9-94FB-5EDE2B25BF43} = {F0594058-0CCB-41F4-801D-C42DD40BCC0F}
		{CDE4BD1D-5C51-48E7-BE9C-D57DB7200A63} = {9FABE205-EACF-4FAA-B55C-5D8ED89FFABC}
		{08B03E4A-3E8C-4ACA-BA4B-040EC459CB11} = {649111DA-71F8-461F-A246-E04CBB98FAF9}
		{0AAEE6B4-20BD-434C-BF57-EF31D40061BB} = {F0594058-0CCB-41F4-801D-C42DD40BCC0F}
		{FE389A1D-EB17-4EE2-9D20-E6C07557B41E} = {649111DA-71F8-461F-A246-E04CBB98FAF9}
		{1EDA5D2C-4A40-4EBD-AE54-6A0990F3786F} = {649111DA-71F8-461F-A246-E04CBB98FAF9}
		{B7C92C92-2CDF-4A56-A291-3543898C3453} = {1EDA5D2C-4A40-4EBD-AE54-6A0990F3786F}
		{A909FBFD-C188-4342-8944-687A461D1FAE} = {649111DA-71F8-461F-A246-E04CBB98FAF9}
		{766C3626-B7AD-4380-BD82-D44548C5BBF0} = {649111DA-71F8-461F-A246-E04CBB98FAF9}
		{DE827631-5665-45AB-A736-F1622707204A} = {649111DA-71F8-461F-A246-E04CBB98FAF9}
	EndGlobalSection
	GlobalSection(ExtensibilityGlobals) = postSolution
		SolutionGuid = {5FF41C20-4916-4F30-AD9D-A57CCDE7190E}
	EndGlobalSection
EndGlobal
