
Microsoft Visual Studio Solution File, Format Version 12.00
# Visual Studio Version 16
VisualStudioVersion = 16.0.30114.105
MinimumVisualStudioVersion = 10.0.40219.1
Project("{2150E333-8FDC-42A3-9474-1A3956D46DE8}") = "src", "src", "{649111DA-71F8-461F-A246-E04CBB98FAF9}"
EndProject
Project("{FAE04EC0-301F-11D3-BF4B-00C04F79EFBC}") = "Adapter", "src\Adapter\Adapter.csproj", "{8B4B2EF5-BDB2-4394-AC56-2D005B218416}"
EndProject
Project("{2150E333-8FDC-42A3-9474-1A3956D46DE8}") = "tests", "tests", "{F0594058-0CCB-41F4-801D-C42DD40BCC0F}"
EndProject
Project("{FAE04EC0-301F-11D3-BF4B-00C04F79EFBC}") = "Adapter.UnitTests", "tests\Adapter.UnitTests\Adapter.UnitTests.csproj", "{E2AD18FA-F639-49BF-B9BF-2F172BE3D11C}"
EndProject
Global
	GlobalSection(SolutionConfigurationPlatforms) = preSolution
		Debug|Any CPU = Debug|Any CPU
		Debug|x64 = Debug|x64
		Debug|x86 = Debug|x86
		Release|Any CPU = Release|Any CPU
		Release|x64 = Release|x64
		Release|x86 = Release|x86
	EndGlobalSection
	GlobalSection(SolutionProperties) = preSolution
		HideSolutionNode = FALSE
	EndGlobalSection
	GlobalSection(ProjectConfigurationPlatforms) = postSolution
		{8B4B2EF5-BDB2-4394-AC56-2D005B218416}.Debug|Any CPU.ActiveCfg = Debug|Any CPU
		{8B4B2EF5-BDB2-4394-AC56-2D005B218416}.Debug|Any CPU.Build.0 = Debug|Any CPU
		{8B4B2EF5-BDB2-4394-AC56-2D005B218416}.Debug|x64.ActiveCfg = Debug|Any CPU
		{8B4B2EF5-BDB2-4394-AC56-2D005B218416}.Debug|x64.Build.0 = Debug|Any CPU
		{8B4B2EF5-BDB2-4394-AC56-2D005B218416}.Debug|x86.ActiveCfg = Debug|Any CPU
		{8B4B2EF5-BDB2-4394-AC56-2D005B218416}.Debug|x86.Build.0 = Debug|Any CPU
		{8B4B2EF5-BDB2-4394-AC56-2D005B218416}.Release|Any CPU.ActiveCfg = Release|Any CPU
		{8B4B2EF5-BDB2-4394-AC56-2D005B218416}.Release|Any CPU.Build.0 = Release|Any CPU
		{8B4B2EF5-BDB2-4394-AC56-2D005B218416}.Release|x64.ActiveCfg = Release|Any CPU
		{8B4B2EF5-BDB2-4394-AC56-2D005B218416}.Release|x64.Build.0 = Release|Any CPU
		{8B4B2EF5-BDB2-4394-AC56-2D005B218416}.Release|x86.ActiveCfg = Release|Any CPU
		{8B4B2EF5-BDB2-4394-AC56-2D005B218416}.Release|x86.Build.0 = Release|Any CPU
		{E2AD18FA-F639-49BF-B9BF-2F172BE3D11C}.Debug|Any CPU.ActiveCfg = Debug|Any CPU
		{E2AD18FA-F639-49BF-B9BF-2F172BE3D11C}.Debug|Any CPU.Build.0 = Debug|Any CPU
		{E2AD18FA-F639-49BF-B9BF-2F172BE3D11C}.Debug|x64.ActiveCfg = Debug|Any CPU
		{E2AD18FA-F639-49BF-B9BF-2F172BE3D11C}.Debug|x64.Build.0 = Debug|Any CPU
		{E2AD18FA-F639-49BF-B9BF-2F172BE3D11C}.Debug|x86.ActiveCfg = Debug|Any CPU
		{E2AD18FA-F639-49BF-B9BF-2F172BE3D11C}.Debug|x86.Build.0 = Debug|Any CPU
		{E2AD18FA-F639-49BF-B9BF-2F172BE3D11C}.Release|Any CPU.ActiveCfg = Release|Any CPU
		{E2AD18FA-F639-49BF-B9BF-2F172BE3D11C}.Release|Any CPU.Build.0 = Release|Any CPU
		{E2AD18FA-F639-49BF-B9BF-2F172BE3D11C}.Release|x64.ActiveCfg = Release|Any CPU
		{E2AD18FA-F639-49BF-B9BF-2F172BE3D11C}.Release|x64.Build.0 = Release|Any CPU
		{E2AD18FA-F639-49BF-B9BF-2F172BE3D11C}.Release|x86.ActiveCfg = Release|Any CPU
		{E2AD18FA-F639-49BF-B9BF-2F172BE3D11C}.Release|x86.Build.0 = Release|Any CPU
	EndGlobalSection
	GlobalSection(NestedProjects) = preSolution
		{8B4B2EF5-BDB2-4394-AC56-2D005B218416} = {649111DA-71F8-461F-A246-E04CBB98FAF9}
		{E2AD18FA-F639-49BF-B9BF-2F172BE3D11C} = {F0594058-0CCB-41F4-801D-C42DD40BCC0F}
	EndGlobalSection
EndGlobal
