
Microsoft Visual Studio Solution File, Format Version 12.00
# Visual Studio Version 16
VisualStudioVersion = 16.0.30114.105
MinimumVisualStudioVersion = 10.0.40219.1
Project("{2150E333-8FDC-42A3-9474-1A3956D46DE8}") = "src", "src", "{649111DA-71F8-461F-A246-E04CBB98FAF9}"
EndProject
Project("{9A19103F-16F7-4668-BE54-9A1E7A4F7556}") = "Adapter", "src\Adapter\Adapter.csproj", "{8B4B2EF5-BDB2-4394-AC56-2D005B218416}"
EndProject
Project("{2150E333-8FDC-42A3-9474-1A3956D46DE8}") = "tests", "tests", "{F0594058-0CCB-41F4-801D-C42DD40BCC0F}"
EndProject
Project("{9A19103F-16F7-4668-BE54-9A1E7A4F7556}") = "Adapter.UnitTests", "tests\Adapter.UnitTests\Adapter.UnitTests.csproj", "{E2AD18FA-F639-49BF-B9BF-2F172BE3D11C}"
EndProject
Project("{9A19103F-16F7-4668-BE54-9A1E7A4F7556}") = "Bridge", "src\Bridge\Bridge.csproj", "{92D7F337-99FA-48CE-87FD-BB62C667F0C1}"
EndProject
Project("{9A19103F-16F7-4668-BE54-9A1E7A4F7556}") = "Builder", "src\Builder\Builder.csproj", "{D99841A9-8BDA-4BEF-9B2D-5F3B0A0031FD}"
EndProject
Project("{9A19103F-16F7-4668-BE54-9A1E7A4F7556}") = "ChainOfResponsibility", "src\ChainOfResponsibility\ChainOfResponsibility.csproj", "{49258D84-20F5-4302-9F54-C201526F959D}"
EndProject
Project("{FAE04EC0-301F-11D3-BF4B-00C04F79EFBC}") = "Command", "src\Command\Command.csproj", "{2F4CF8D4-F766-4906-8D02-FCAE98DF9610}"
EndProject
Project("{FAE04EC0-301F-11D3-BF4B-00C04F79EFBC}") = "Composite", "src\Composite\Composite.csproj", "{E043843E-7497-4939-9667-04DDEC31993A}"
EndProject
Project("{FAE04EC0-301F-11D3-BF4B-00C04F79EFBC}") = "Decorator", "src\Decorator\Decorator.csproj", "{B5690FDD-2595-4A9C-9C0A-C1032FC72F24}"
EndProject
Project("{FAE04EC0-301F-11D3-BF4B-00C04F79EFBC}") = "All.Tests", "tests\All.Tests\All.Tests.csproj", "{8889D9D9-97A3-46D0-A07D-CFA303D5532D}"
EndProject
Project("{FAE04EC0-301F-11D3-BF4B-00C04F79EFBC}") = "EventAggregator", "src\EventAggregator\EventAggregator.csproj", "{111774BD-8540-4914-BBC9-6CDDD704625D}"
EndProject
Global
	GlobalSection(SolutionConfigurationPlatforms) = preSolution
		Debug|Any CPU = Debug|Any CPU
		Debug|x64 = Debug|x64
		Debug|x86 = Debug|x86
		Release|Any CPU = Release|Any CPU
		Release|x64 = Release|x64
		Release|x86 = Release|x86
	EndGlobalSection
	GlobalSection(ProjectConfigurationPlatforms) = postSolution
		{8B4B2EF5-BDB2-4394-AC56-2D005B218416}.Debug|Any CPU.ActiveCfg = Debug|Any CPU
		{8B4B2EF5-BDB2-4394-AC56-2D005B218416}.Debug|Any CPU.Build.0 = Debug|Any CPU
		{8B4B2EF5-BDB2-4394-AC56-2D005B218416}.Debug|x64.ActiveCfg = Debug|Any CPU
		{8B4B2EF5-BDB2-4394-AC56-2D005B218416}.Debug|x64.Build.0 = Debug|Any CPU
		{8B4B2EF5-BDB2-4394-AC56-2D005B218416}.Debug|x86.ActiveCfg = Debug|Any CPU
		{8B4B2EF5-BDB2-4394-AC56-2D005B218416}.Debug|x86.Build.0 = Debug|Any CPU
		{8B4B2EF5-BDB2-4394-AC56-2D005B218416}.Release|Any CPU.ActiveCfg = Release|Any CPU
		{8B4B2EF5-BDB2-4394-AC56-2D005B218416}.Release|Any CPU.Build.0 = Release|Any CPU
		{8B4B2EF5-BDB2-4394-AC56-2D005B218416}.Release|x64.ActiveCfg = Release|Any CPU
		{8B4B2EF5-BDB2-4394-AC56-2D005B218416}.Release|x64.Build.0 = Release|Any CPU
		{8B4B2EF5-BDB2-4394-AC56-2D005B218416}.Release|x86.ActiveCfg = Release|Any CPU
		{8B4B2EF5-BDB2-4394-AC56-2D005B218416}.Release|x86.Build.0 = Release|Any CPU
		{E2AD18FA-F639-49BF-B9BF-2F172BE3D11C}.Debug|Any CPU.ActiveCfg = Debug|Any CPU
		{E2AD18FA-F639-49BF-B9BF-2F172BE3D11C}.Debug|Any CPU.Build.0 = Debug|Any CPU
		{E2AD18FA-F639-49BF-B9BF-2F172BE3D11C}.Debug|x64.ActiveCfg = Debug|Any CPU
		{E2AD18FA-F639-49BF-B9BF-2F172BE3D11C}.Debug|x64.Build.0 = Debug|Any CPU
		{E2AD18FA-F639-49BF-B9BF-2F172BE3D11C}.Debug|x86.ActiveCfg = Debug|Any CPU
		{E2AD18FA-F639-49BF-B9BF-2F172BE3D11C}.Debug|x86.Build.0 = Debug|Any CPU
		{E2AD18FA-F639-49BF-B9BF-2F172BE3D11C}.Release|Any CPU.ActiveCfg = Release|Any CPU
		{E2AD18FA-F639-49BF-B9BF-2F172BE3D11C}.Release|Any CPU.Build.0 = Release|Any CPU
		{E2AD18FA-F639-49BF-B9BF-2F172BE3D11C}.Release|x64.ActiveCfg = Release|Any CPU
		{E2AD18FA-F639-49BF-B9BF-2F172BE3D11C}.Release|x64.Build.0 = Release|Any CPU
		{E2AD18FA-F639-49BF-B9BF-2F172BE3D11C}.Release|x86.ActiveCfg = Release|Any CPU
		{E2AD18FA-F639-49BF-B9BF-2F172BE3D11C}.Release|x86.Build.0 = Release|Any CPU
		{92D7F337-99FA-48CE-87FD-BB62C667F0C1}.Debug|Any CPU.ActiveCfg = Debug|Any CPU
		{92D7F337-99FA-48CE-87FD-BB62C667F0C1}.Debug|Any CPU.Build.0 = Debug|Any CPU
		{92D7F337-99FA-48CE-87FD-BB62C667F0C1}.Debug|x64.ActiveCfg = Debug|Any CPU
		{92D7F337-99FA-48CE-87FD-BB62C667F0C1}.Debug|x64.Build.0 = Debug|Any CPU
		{92D7F337-99FA-48CE-87FD-BB62C667F0C1}.Debug|x86.ActiveCfg = Debug|Any CPU
		{92D7F337-99FA-48CE-87FD-BB62C667F0C1}.Debug|x86.Build.0 = Debug|Any CPU
		{92D7F337-99FA-48CE-87FD-BB62C667F0C1}.Release|Any CPU.ActiveCfg = Release|Any CPU
		{92D7F337-99FA-48CE-87FD-BB62C667F0C1}.Release|Any CPU.Build.0 = Release|Any CPU
		{92D7F337-99FA-48CE-87FD-BB62C667F0C1}.Release|x64.ActiveCfg = Release|Any CPU
		{92D7F337-99FA-48CE-87FD-BB62C667F0C1}.Release|x64.Build.0 = Release|Any CPU
		{92D7F337-99FA-48CE-87FD-BB62C667F0C1}.Release|x86.ActiveCfg = Release|Any CPU
		{92D7F337-99FA-48CE-87FD-BB62C667F0C1}.Release|x86.Build.0 = Release|Any CPU
		{D99841A9-8BDA-4BEF-9B2D-5F3B0A0031FD}.Debug|Any CPU.ActiveCfg = Debug|Any CPU
		{D99841A9-8BDA-4BEF-9B2D-5F3B0A0031FD}.Debug|Any CPU.Build.0 = Debug|Any CPU
		{D99841A9-8BDA-4BEF-9B2D-5F3B0A0031FD}.Debug|x64.ActiveCfg = Debug|Any CPU
		{D99841A9-8BDA-4BEF-9B2D-5F3B0A0031FD}.Debug|x64.Build.0 = Debug|Any CPU
		{D99841A9-8BDA-4BEF-9B2D-5F3B0A0031FD}.Debug|x86.ActiveCfg = Debug|Any CPU
		{D99841A9-8BDA-4BEF-9B2D-5F3B0A0031FD}.Debug|x86.Build.0 = Debug|Any CPU
		{D99841A9-8BDA-4BEF-9B2D-5F3B0A0031FD}.Release|Any CPU.ActiveCfg = Release|Any CPU
		{D99841A9-8BDA-4BEF-9B2D-5F3B0A0031FD}.Release|Any CPU.Build.0 = Release|Any CPU
		{D99841A9-8BDA-4BEF-9B2D-5F3B0A0031FD}.Release|x64.ActiveCfg = Release|Any CPU
		{D99841A9-8BDA-4BEF-9B2D-5F3B0A0031FD}.Release|x64.Build.0 = Release|Any CPU
		{D99841A9-8BDA-4BEF-9B2D-5F3B0A0031FD}.Release|x86.ActiveCfg = Release|Any CPU
		{D99841A9-8BDA-4BEF-9B2D-5F3B0A0031FD}.Release|x86.Build.0 = Release|Any CPU
		{49258D84-20F5-4302-9F54-C201526F959D}.Debug|Any CPU.ActiveCfg = Debug|Any CPU
		{49258D84-20F5-4302-9F54-C201526F959D}.Debug|Any CPU.Build.0 = Debug|Any CPU
		{49258D84-20F5-4302-9F54-C201526F959D}.Debug|x64.ActiveCfg = Debug|Any CPU
		{49258D84-20F5-4302-9F54-C201526F959D}.Debug|x64.Build.0 = Debug|Any CPU
		{49258D84-20F5-4302-9F54-C201526F959D}.Debug|x86.ActiveCfg = Debug|Any CPU
		{49258D84-20F5-4302-9F54-C201526F959D}.Debug|x86.Build.0 = Debug|Any CPU
		{49258D84-20F5-4302-9F54-C201526F959D}.Release|Any CPU.ActiveCfg = Release|Any CPU
		{49258D84-20F5-4302-9F54-C201526F959D}.Release|Any CPU.Build.0 = Release|Any CPU
		{49258D84-20F5-4302-9F54-C201526F959D}.Release|x64.ActiveCfg = Release|Any CPU
		{49258D84-20F5-4302-9F54-C201526F959D}.Release|x64.Build.0 = Release|Any CPU
		{49258D84-20F5-4302-9F54-C201526F959D}.Release|x86.ActiveCfg = Release|Any CPU
		{49258D84-20F5-4302-9F54-C201526F959D}.Release|x86.Build.0 = Release|Any CPU
		{2F4CF8D4-F766-4906-8D02-FCAE98DF9610}.Debug|Any CPU.ActiveCfg = Debug|Any CPU
		{2F4CF8D4-F766-4906-8D02-FCAE98DF9610}.Debug|Any CPU.Build.0 = Debug|Any CPU
		{2F4CF8D4-F766-4906-8D02-FCAE98DF9610}.Debug|x64.ActiveCfg = Debug|Any CPU
		{2F4CF8D4-F766-4906-8D02-FCAE98DF9610}.Debug|x64.Build.0 = Debug|Any CPU
		{2F4CF8D4-F766-4906-8D02-FCAE98DF9610}.Debug|x86.ActiveCfg = Debug|Any CPU
		{2F4CF8D4-F766-4906-8D02-FCAE98DF9610}.Debug|x86.Build.0 = Debug|Any CPU
		{2F4CF8D4-F766-4906-8D02-FCAE98DF9610}.Release|Any CPU.ActiveCfg = Release|Any CPU
		{2F4CF8D4-F766-4906-8D02-FCAE98DF9610}.Release|Any CPU.Build.0 = Release|Any CPU
		{2F4CF8D4-F766-4906-8D02-FCAE98DF9610}.Release|x64.ActiveCfg = Release|Any CPU
		{2F4CF8D4-F766-4906-8D02-FCAE98DF9610}.Release|x64.Build.0 = Release|Any CPU
		{2F4CF8D4-F766-4906-8D02-FCAE98DF9610}.Release|x86.ActiveCfg = Release|Any CPU
		{2F4CF8D4-F766-4906-8D02-FCAE98DF9610}.Release|x86.Build.0 = Release|Any CPU
		{E043843E-7497-4939-9667-04DDEC31993A}.Debug|Any CPU.ActiveCfg = Debug|Any CPU
		{E043843E-7497-4939-9667-04DDEC31993A}.Debug|Any CPU.Build.0 = Debug|Any CPU
		{E043843E-7497-4939-9667-04DDEC31993A}.Debug|x64.ActiveCfg = Debug|Any CPU
		{E043843E-7497-4939-9667-04DDEC31993A}.Debug|x64.Build.0 = Debug|Any CPU
		{E043843E-7497-4939-9667-04DDEC31993A}.Debug|x86.ActiveCfg = Debug|Any CPU
		{E043843E-7497-4939-9667-04DDEC31993A}.Debug|x86.Build.0 = Debug|Any CPU
		{E043843E-7497-4939-9667-04DDEC31993A}.Release|Any CPU.ActiveCfg = Release|Any CPU
		{E043843E-7497-4939-9667-04DDEC31993A}.Release|Any CPU.Build.0 = Release|Any CPU
		{E043843E-7497-4939-9667-04DDEC31993A}.Release|x64.ActiveCfg = Release|Any CPU
		{E043843E-7497-4939-9667-04DDEC31993A}.Release|x64.Build.0 = Release|Any CPU
		{E043843E-7497-4939-9667-04DDEC31993A}.Release|x86.ActiveCfg = Release|Any CPU
		{E043843E-7497-4939-9667-04DDEC31993A}.Release|x86.Build.0 = Release|Any CPU
		{B5690FDD-2595-4A9C-9C0A-C1032FC72F24}.Debug|Any CPU.ActiveCfg = Debug|Any CPU
		{B5690FDD-2595-4A9C-9C0A-C1032FC72F24}.Debug|Any CPU.Build.0 = Debug|Any CPU
		{B5690FDD-2595-4A9C-9C0A-C1032FC72F24}.Debug|x64.ActiveCfg = Debug|Any CPU
		{B5690FDD-2595-4A9C-9C0A-C1032FC72F24}.Debug|x64.Build.0 = Debug|Any CPU
		{B5690FDD-2595-4A9C-9C0A-C1032FC72F24}.Debug|x86.ActiveCfg = Debug|Any CPU
		{B5690FDD-2595-4A9C-9C0A-C1032FC72F24}.Debug|x86.Build.0 = Debug|Any CPU
		{B5690FDD-2595-4A9C-9C0A-C1032FC72F24}.Release|Any CPU.ActiveCfg = Release|Any CPU
		{B5690FDD-2595-4A9C-9C0A-C1032FC72F24}.Release|Any CPU.Build.0 = Release|Any CPU
		{B5690FDD-2595-4A9C-9C0A-C1032FC72F24}.Release|x64.ActiveCfg = Release|Any CPU
		{B5690FDD-2595-4A9C-9C0A-C1032FC72F24}.Release|x64.Build.0 = Release|Any CPU
		{B5690FDD-2595-4A9C-9C0A-C1032FC72F24}.Release|x86.ActiveCfg = Release|Any CPU
		{B5690FDD-2595-4A9C-9C0A-C1032FC72F24}.Release|x86.Build.0 = Release|Any CPU
		{8889D9D9-97A3-46D0-A07D-CFA303D5532D}.Debug|Any CPU.ActiveCfg = Debug|Any CPU
		{8889D9D9-97A3-46D0-A07D-CFA303D5532D}.Debug|Any CPU.Build.0 = Debug|Any CPU
		{8889D9D9-97A3-46D0-A07D-CFA303D5532D}.Debug|x64.ActiveCfg = Debug|Any CPU
		{8889D9D9-97A3-46D0-A07D-CFA303D5532D}.Debug|x64.Build.0 = Debug|Any CPU
		{8889D9D9-97A3-46D0-A07D-CFA303D5532D}.Debug|x86.ActiveCfg = Debug|Any CPU
		{8889D9D9-97A3-46D0-A07D-CFA303D5532D}.Debug|x86.Build.0 = Debug|Any CPU
		{8889D9D9-97A3-46D0-A07D-CFA303D5532D}.Release|Any CPU.ActiveCfg = Release|Any CPU
		{8889D9D9-97A3-46D0-A07D-CFA303D5532D}.Release|Any CPU.Build.0 = Release|Any CPU
		{8889D9D9-97A3-46D0-A07D-CFA303D5532D}.Release|x64.ActiveCfg = Release|Any CPU
		{8889D9D9-97A3-46D0-A07D-CFA303D5532D}.Release|x64.Build.0 = Release|Any CPU
		{8889D9D9-97A3-46D0-A07D-CFA303D5532D}.Release|x86.ActiveCfg = Release|Any CPU
		{8889D9D9-97A3-46D0-A07D-CFA303D5532D}.Release|x86.Build.0 = Release|Any CPU
		{111774BD-8540-4914-BBC9-6CDDD704625D}.Debug|Any CPU.ActiveCfg = Debug|Any CPU
		{111774BD-8540-4914-BBC9-6CDDD704625D}.Debug|Any CPU.Build.0 = Debug|Any CPU
		{111774BD-8540-4914-BBC9-6CDDD704625D}.Debug|x64.ActiveCfg = Debug|Any CPU
		{111774BD-8540-4914-BBC9-6CDDD704625D}.Debug|x64.Build.0 = Debug|Any CPU
		{111774BD-8540-4914-BBC9-6CDDD704625D}.Debug|x86.ActiveCfg = Debug|Any CPU
		{111774BD-8540-4914-BBC9-6CDDD704625D}.Debug|x86.Build.0 = Debug|Any CPU
		{111774BD-8540-4914-BBC9-6CDDD704625D}.Release|Any CPU.ActiveCfg = Release|Any CPU
		{111774BD-8540-4914-BBC9-6CDDD704625D}.Release|Any CPU.Build.0 = Release|Any CPU
		{111774BD-8540-4914-BBC9-6CDDD704625D}.Release|x64.ActiveCfg = Release|Any CPU
		{111774BD-8540-4914-BBC9-6CDDD704625D}.Release|x64.Build.0 = Release|Any CPU
		{111774BD-8540-4914-BBC9-6CDDD704625D}.Release|x86.ActiveCfg = Release|Any CPU
		{111774BD-8540-4914-BBC9-6CDDD704625D}.Release|x86.Build.0 = Release|Any CPU
	EndGlobalSection
	GlobalSection(SolutionProperties) = preSolution
		HideSolutionNode = FALSE
	EndGlobalSection
	GlobalSection(NestedProjects) = preSolution
		{8B4B2EF5-BDB2-4394-AC56-2D005B218416} = {649111DA-71F8-461F-A246-E04CBB98FAF9}
		{E2AD18FA-F639-49BF-B9BF-2F172BE3D11C} = {F0594058-0CCB-41F4-801D-C42DD40BCC0F}
		{92D7F337-99FA-48CE-87FD-BB62C667F0C1} = {649111DA-71F8-461F-A246-E04CBB98FAF9}
		{D99841A9-8BDA-4BEF-9B2D-5F3B0A0031FD} = {649111DA-71F8-461F-A246-E04CBB98FAF9}
		{49258D84-20F5-4302-9F54-C201526F959D} = {649111DA-71F8-461F-A246-E04CBB98FAF9}
		{2F4CF8D4-F766-4906-8D02-FCAE98DF9610} = {649111DA-71F8-461F-A246-E04CBB98FAF9}
		{E043843E-7497-4939-9667-04DDEC31993A} = {649111DA-71F8-461F-A246-E04CBB98FAF9}
		{B5690FDD-2595-4A9C-9C0A-C1032FC72F24} = {649111DA-71F8-461F-A246-E04CBB98FAF9}
		{8889D9D9-97A3-46D0-A07D-CFA303D5532D} = {F0594058-0CCB-41F4-801D-C42DD40BCC0F}
		{111774BD-8540-4914-BBC9-6CDDD704625D} = {649111DA-71F8-461F-A246-E04CBB98FAF9}
	EndGlobalSection
	GlobalSection(ExtensibilityGlobals) = postSolution
		SolutionGuid = {5FF41C20-4916-4F30-AD9D-A57CCDE7190E}
	EndGlobalSection
EndGlobal
